
Microsoft Visual Studio Solution File, Format Version 12.00
# Visual Studio Version 17
VisualStudioVersion = 17.11.35222.181
MinimumVisualStudioVersion = 10.0.40219.1
Project("{FAE04EC0-301F-11D3-BF4B-00C04F79EFBC}") = "4M04Film", "4M04Film\4M04Film.csproj", "{9F305FF1-C101-4543-807B-2E5BC9B8FD91}"
EndProject
Global
	GlobalSection(SolutionConfigurationPlatforms) = preSolution
		Debug|Any CPU = Debug|Any CPU
		Release|Any CPU = Release|Any CPU
	EndGlobalSection
	GlobalSection(ProjectConfigurationPlatforms) = postSolution
		{9F305FF1-C101-4543-807B-2E5BC9B8FD91}.Debug|Any CPU.ActiveCfg = Debug|Any CPU
		{9F305FF1-C101-4543-807B-2E5BC9B8FD91}.Debug|Any CPU.Build.0 = Debug|Any CPU
		{9F305FF1-C101-4543-807B-2E5BC9B8FD91}.Release|Any CPU.ActiveCfg = Release|Any CPU
		{9F305FF1-C101-4543-807B-2E5BC9B8FD91}.Release|Any CPU.Build.0 = Release|Any CPU
	EndGlobalSection
	GlobalSection(SolutionProperties) = preSolution
		HideSolutionNode = FALSE
	EndGlobalSection
	GlobalSection(ExtensibilityGlobals) = postSolution
		SolutionGuid = {6BFC99A1-D876-4510-B410-79FA4253807A}
	EndGlobalSection
EndGlobal
